<?xml version="1.0" encoding="utf-8"?>
<Project ToolsVersion="4.0" xmlns="http://schemas.microsoft.com/developer/msbuild/2003">
  <ItemGroup>
    <ClCompile Include="test.cpp" />
    <ClCompile Include="pch.cpp">
      <Filter>Не лазить сюда</Filter>
    </ClCompile>
  </ItemGroup>
  <ItemGroup>
    <Filter Include="Не лазить сюда">
      <UniqueIdentifier>{0cbe3013-c352-49b2-b630-48b1e07fa8e4}</UniqueIdentifier>
    </Filter>
  </ItemGroup>
  <ItemGroup>
    <ClInclude Include="pch.h">
      <Filter>Не лазить сюда</Filter>
    </ClInclude>
  </ItemGroup>
</Project>